// !$*UTF8*$!
{
	archiveVersion = 1;
	classes = {
	};
	objectVersion = 55;
	objects = {

/* Begin PBXBuildFile section */
		A7829EC828ACD0AF004FFB6E /* AppDelegate.swift in Sources */ = {isa = PBXBuildFile; fileRef = A7829EC728ACD0AF004FFB6E /* AppDelegate.swift */; };
		A7829ECA28ACD0AF004FFB6E /* SceneDelegate.swift in Sources */ = {isa = PBXBuildFile; fileRef = A7829EC928ACD0AF004FFB6E /* SceneDelegate.swift */; };
		A7829ECC28ACD0AF004FFB6E /* ViewController.swift in Sources */ = {isa = PBXBuildFile; fileRef = A7829ECB28ACD0AF004FFB6E /* ViewController.swift */; };
		A7829ECF28ACD0AF004FFB6E /* Main.storyboard in Resources */ = {isa = PBXBuildFile; fileRef = A7829ECD28ACD0AF004FFB6E /* Main.storyboard */; };
		A7829ED228ACD0AF004FFB6E /* soobinPrac0817.xcdatamodeld in Sources */ = {isa = PBXBuildFile; fileRef = A7829ED028ACD0AF004FFB6E /* soobinPrac0817.xcdatamodeld */; };
		A7829ED428ACD0B0004FFB6E /* Assets.xcassets in Resources */ = {isa = PBXBuildFile; fileRef = A7829ED328ACD0B0004FFB6E /* Assets.xcassets */; };
		A7829ED728ACD0B0004FFB6E /* LaunchScreen.storyboard in Resources */ = {isa = PBXBuildFile; fileRef = A7829ED528ACD0B0004FFB6E /* LaunchScreen.storyboard */; };
		A7829EE228ACD0B0004FFB6E /* soobinPrac0817Tests.swift in Sources */ = {isa = PBXBuildFile; fileRef = A7829EE128ACD0B0004FFB6E /* soobinPrac0817Tests.swift */; };
		A7829EEC28ACD0B0004FFB6E /* soobinPrac0817UITests.swift in Sources */ = {isa = PBXBuildFile; fileRef = A7829EEB28ACD0B0004FFB6E /* soobinPrac0817UITests.swift */; };
		A7829EEE28ACD0B0004FFB6E /* soobinPrac0817UITestsLaunchTests.swift in Sources */ = {isa = PBXBuildFile; fileRef = A7829EED28ACD0B0004FFB6E /* soobinPrac0817UITestsLaunchTests.swift */; };
/* End PBXBuildFile section */

/* Begin PBXContainerItemProxy section */
		A7829EDE28ACD0B0004FFB6E /* PBXContainerItemProxy */ = {
			isa = PBXContainerItemProxy;
			containerPortal = A7829EBC28ACD0AF004FFB6E /* Project object */;
			proxyType = 1;
			remoteGlobalIDString = A7829EC328ACD0AF004FFB6E;
			remoteInfo = soobinPrac0817;
		};
		A7829EE828ACD0B0004FFB6E /* PBXContainerItemProxy */ = {
			isa = PBXContainerItemProxy;
			containerPortal = A7829EBC28ACD0AF004FFB6E /* Project object */;
			proxyType = 1;
			remoteGlobalIDString = A7829EC328ACD0AF004FFB6E;
			remoteInfo = soobinPrac0817;
		};
/* End PBXContainerItemProxy section */

/* Begin PBXFileReference section */
		A7829EC428ACD0AF004FFB6E /* soobinPrac0817.app */ = {isa = PBXFileReference; explicitFileType = wrapper.application; includeInIndex = 0; path = soobinPrac0817.app; sourceTree = BUILT_PRODUCTS_DIR; };
		A7829EC728ACD0AF004FFB6E /* AppDelegate.swift */ = {isa = PBXFileReference; lastKnownFileType = sourcecode.swift; path = AppDelegate.swift; sourceTree = "<group>"; };
		A7829EC928ACD0AF004FFB6E /* SceneDelegate.swift */ = {isa = PBXFileReference; lastKnownFileType = sourcecode.swift; path = SceneDelegate.swift; sourceTree = "<group>"; };
		A7829ECB28ACD0AF004FFB6E /* ViewController.swift */ = {isa = PBXFileReference; lastKnownFileType = sourcecode.swift; path = ViewController.swift; sourceTree = "<group>"; };
		A7829ECE28ACD0AF004FFB6E /* Base */ = {isa = PBXFileReference; lastKnownFileType = file.storyboard; name = Base; path = Base.lproj/Main.storyboard; sourceTree = "<group>"; };
		A7829ED128ACD0AF004FFB6E /* soobinPrac0817.xcdatamodel */ = {isa = PBXFileReference; lastKnownFileType = wrapper.xcdatamodel; path = soobinPrac0817.xcdatamodel; sourceTree = "<group>"; };
		A7829ED328ACD0B0004FFB6E /* Assets.xcassets */ = {isa = PBXFileReference; lastKnownFileType = folder.assetcatalog; path = Assets.xcassets; sourceTree = "<group>"; };
		A7829ED628ACD0B0004FFB6E /* Base */ = {isa = PBXFileReference; lastKnownFileType = file.storyboard; name = Base; path = Base.lproj/LaunchScreen.storyboard; sourceTree = "<group>"; };
		A7829ED828ACD0B0004FFB6E /* Info.plist */ = {isa = PBXFileReference; lastKnownFileType = text.plist.xml; path = Info.plist; sourceTree = "<group>"; };
		A7829EDD28ACD0B0004FFB6E /* soobinPrac0817Tests.xctest */ = {isa = PBXFileReference; explicitFileType = wrapper.cfbundle; includeInIndex = 0; path = soobinPrac0817Tests.xctest; sourceTree = BUILT_PRODUCTS_DIR; };
		A7829EE128ACD0B0004FFB6E /* soobinPrac0817Tests.swift */ = {isa = PBXFileReference; lastKnownFileType = sourcecode.swift; path = soobinPrac0817Tests.swift; sourceTree = "<group>"; };
		A7829EE728ACD0B0004FFB6E /* soobinPrac0817UITests.xctest */ = {isa = PBXFileReference; explicitFileType = wrapper.cfbundle; includeInIndex = 0; path = soobinPrac0817UITests.xctest; sourceTree = BUILT_PRODUCTS_DIR; };
		A7829EEB28ACD0B0004FFB6E /* soobinPrac0817UITests.swift */ = {isa = PBXFileReference; lastKnownFileType = sourcecode.swift; path = soobinPrac0817UITests.swift; sourceTree = "<group>"; };
		A7829EED28ACD0B0004FFB6E /* soobinPrac0817UITestsLaunchTests.swift */ = {isa = PBXFileReference; lastKnownFileType = sourcecode.swift; path = soobinPrac0817UITestsLaunchTests.swift; sourceTree = "<group>"; };
/* End PBXFileReference section */

/* Begin PBXFrameworksBuildPhase section */
		A7829EC128ACD0AF004FFB6E /* Frameworks */ = {
			isa = PBXFrameworksBuildPhase;
			buildActionMask = 2147483647;
			files = (
			);
			runOnlyForDeploymentPostprocessing = 0;
		};
		A7829EDA28ACD0B0004FFB6E /* Frameworks */ = {
			isa = PBXFrameworksBuildPhase;
			buildActionMask = 2147483647;
			files = (
			);
			runOnlyForDeploymentPostprocessing = 0;
		};
		A7829EE428ACD0B0004FFB6E /* Frameworks */ = {
			isa = PBXFrameworksBuildPhase;
			buildActionMask = 2147483647;
			files = (
			);
			runOnlyForDeploymentPostprocessing = 0;
		};
/* End PBXFrameworksBuildPhase section */

/* Begin PBXGroup section */
		A7829EBB28ACD0AF004FFB6E = {
			isa = PBXGroup;
			children = (
				A7829EC628ACD0AF004FFB6E /* soobinPrac0817 */,
				A7829EE028ACD0B0004FFB6E /* soobinPrac0817Tests */,
				A7829EEA28ACD0B0004FFB6E /* soobinPrac0817UITests */,
				A7829EC528ACD0AF004FFB6E /* Products */,
			);
			sourceTree = "<group>";
		};
		A7829EC528ACD0AF004FFB6E /* Products */ = {
			isa = PBXGroup;
			children = (
				A7829EC428ACD0AF004FFB6E /* soobinPrac0817.app */,
				A7829EDD28ACD0B0004FFB6E /* soobinPrac0817Tests.xctest */,
				A7829EE728ACD0B0004FFB6E /* soobinPrac0817UITests.xctest */,
			);
			name = Products;
			sourceTree = "<group>";
		};
		A7829EC628ACD0AF004FFB6E /* soobinPrac0817 */ = {
			isa = PBXGroup;
			children = (
				A7829EC728ACD0AF004FFB6E /* AppDelegate.swift */,
				A7829EC928ACD0AF004FFB6E /* SceneDelegate.swift */,
				A7829ECB28ACD0AF004FFB6E /* ViewController.swift */,
				A7829ECD28ACD0AF004FFB6E /* Main.storyboard */,
				A7829ED328ACD0B0004FFB6E /* Assets.xcassets */,
				A7829ED528ACD0B0004FFB6E /* LaunchScreen.storyboard */,
				A7829ED828ACD0B0004FFB6E /* Info.plist */,
				A7829ED028ACD0AF004FFB6E /* soobinPrac0817.xcdatamodeld */,
			);
			path = soobinPrac0817;
			sourceTree = "<group>";
		};
		A7829EE028ACD0B0004FFB6E /* soobinPrac0817Tests */ = {
			isa = PBXGroup;
			children = (
				A7829EE128ACD0B0004FFB6E /* soobinPrac0817Tests.swift */,
			);
			path = soobinPrac0817Tests;
			sourceTree = "<group>";
		};
		A7829EEA28ACD0B0004FFB6E /* soobinPrac0817UITests */ = {
			isa = PBXGroup;
			children = (
				A7829EEB28ACD0B0004FFB6E /* soobinPrac0817UITests.swift */,
				A7829EED28ACD0B0004FFB6E /* soobinPrac0817UITestsLaunchTests.swift */,
			);
			path = soobinPrac0817UITests;
			sourceTree = "<group>";
		};
/* End PBXGroup section */

/* Begin PBXNativeTarget section */
		A7829EC328ACD0AF004FFB6E /* soobinPrac0817 */ = {
			isa = PBXNativeTarget;
			buildConfigurationList = A7829EF128ACD0B0004FFB6E /* Build configuration list for PBXNativeTarget "soobinPrac0817" */;
			buildPhases = (
				A7829EC028ACD0AF004FFB6E /* Sources */,
				A7829EC128ACD0AF004FFB6E /* Frameworks */,
				A7829EC228ACD0AF004FFB6E /* Resources */,
			);
			buildRules = (
			);
			dependencies = (
			);
			name = soobinPrac0817;
			productName = soobinPrac0817;
			productReference = A7829EC428ACD0AF004FFB6E /* soobinPrac0817.app */;
			productType = "com.apple.product-type.application";
		};
		A7829EDC28ACD0B0004FFB6E /* soobinPrac0817Tests */ = {
			isa = PBXNativeTarget;
			buildConfigurationList = A7829EF428ACD0B0004FFB6E /* Build configuration list for PBXNativeTarget "soobinPrac0817Tests" */;
			buildPhases = (
				A7829ED928ACD0B0004FFB6E /* Sources */,
				A7829EDA28ACD0B0004FFB6E /* Frameworks */,
				A7829EDB28ACD0B0004FFB6E /* Resources */,
			);
			buildRules = (
			);
			dependencies = (
				A7829EDF28ACD0B0004FFB6E /* PBXTargetDependency */,
			);
			name = soobinPrac0817Tests;
			productName = soobinPrac0817Tests;
			productReference = A7829EDD28ACD0B0004FFB6E /* soobinPrac0817Tests.xctest */;
			productType = "com.apple.product-type.bundle.unit-test";
		};
		A7829EE628ACD0B0004FFB6E /* soobinPrac0817UITests */ = {
			isa = PBXNativeTarget;
			buildConfigurationList = A7829EF728ACD0B0004FFB6E /* Build configuration list for PBXNativeTarget "soobinPrac0817UITests" */;
			buildPhases = (
				A7829EE328ACD0B0004FFB6E /* Sources */,
				A7829EE428ACD0B0004FFB6E /* Frameworks */,
				A7829EE528ACD0B0004FFB6E /* Resources */,
			);
			buildRules = (
			);
			dependencies = (
				A7829EE928ACD0B0004FFB6E /* PBXTargetDependency */,
			);
			name = soobinPrac0817UITests;
			productName = soobinPrac0817UITests;
			productReference = A7829EE728ACD0B0004FFB6E /* soobinPrac0817UITests.xctest */;
			productType = "com.apple.product-type.bundle.ui-testing";
		};
/* End PBXNativeTarget section */

/* Begin PBXProject section */
		A7829EBC28ACD0AF004FFB6E /* Project object */ = {
			isa = PBXProject;
			attributes = {
				BuildIndependentTargetsInParallel = 1;
				LastSwiftUpdateCheck = 1340;
				LastUpgradeCheck = 1340;
				TargetAttributes = {
					A7829EC328ACD0AF004FFB6E = {
						CreatedOnToolsVersion = 13.4.1;
					};
					A7829EDC28ACD0B0004FFB6E = {
						CreatedOnToolsVersion = 13.4.1;
						TestTargetID = A7829EC328ACD0AF004FFB6E;
					};
					A7829EE628ACD0B0004FFB6E = {
						CreatedOnToolsVersion = 13.4.1;
						TestTargetID = A7829EC328ACD0AF004FFB6E;
					};
				};
			};
			buildConfigurationList = A7829EBF28ACD0AF004FFB6E /* Build configuration list for PBXProject "soobinPrac0817" */;
			compatibilityVersion = "Xcode 13.0";
			developmentRegion = en;
			hasScannedForEncodings = 0;
			knownRegions = (
				en,
				Base,
			);
			mainGroup = A7829EBB28ACD0AF004FFB6E;
			productRefGroup = A7829EC528ACD0AF004FFB6E /* Products */;
			projectDirPath = "";
			projectRoot = "";
			targets = (
				A7829EC328ACD0AF004FFB6E /* soobinPrac0817 */,
				A7829EDC28ACD0B0004FFB6E /* soobinPrac0817Tests */,
				A7829EE628ACD0B0004FFB6E /* soobinPrac0817UITests */,
			);
		};
/* End PBXProject section */

/* Begin PBXResourcesBuildPhase section */
		A7829EC228ACD0AF004FFB6E /* Resources */ = {
			isa = PBXResourcesBuildPhase;
			buildActionMask = 2147483647;
			files = (
				A7829ED728ACD0B0004FFB6E /* LaunchScreen.storyboard in Resources */,
				A7829ED428ACD0B0004FFB6E /* Assets.xcassets in Resources */,
				A7829ECF28ACD0AF004FFB6E /* Main.storyboard in Resources */,
			);
			runOnlyForDeploymentPostprocessing = 0;
		};
		A7829EDB28ACD0B0004FFB6E /* Resources */ = {
			isa = PBXResourcesBuildPhase;
			buildActionMask = 2147483647;
			files = (
			);
			runOnlyForDeploymentPostprocessing = 0;
		};
		A7829EE528ACD0B0004FFB6E /* Resources */ = {
			isa = PBXResourcesBuildPhase;
			buildActionMask = 2147483647;
			files = (
			);
			runOnlyForDeploymentPostprocessing = 0;
		};
/* End PBXResourcesBuildPhase section */

/* Begin PBXSourcesBuildPhase section */
		A7829EC028ACD0AF004FFB6E /* Sources */ = {
			isa = PBXSourcesBuildPhase;
			buildActionMask = 2147483647;
			files = (
				A7829ECC28ACD0AF004FFB6E /* ViewController.swift in Sources */,
				A7829EC828ACD0AF004FFB6E /* AppDelegate.swift in Sources */,
				A7829ECA28ACD0AF004FFB6E /* SceneDelegate.swift in Sources */,
				A7829ED228ACD0AF004FFB6E /* soobinPrac0817.xcdatamodeld in Sources */,
			);
			runOnlyForDeploymentPostprocessing = 0;
		};
		A7829ED928ACD0B0004FFB6E /* Sources */ = {
			isa = PBXSourcesBuildPhase;
			buildActionMask = 2147483647;
			files = (
				A7829EE228ACD0B0004FFB6E /* soobinPrac0817Tests.swift in Sources */,
			);
			runOnlyForDeploymentPostprocessing = 0;
		};
		A7829EE328ACD0B0004FFB6E /* Sources */ = {
			isa = PBXSourcesBuildPhase;
			buildActionMask = 2147483647;
			files = (
				A7829EEE28ACD0B0004FFB6E /* soobinPrac0817UITestsLaunchTests.swift in Sources */,
				A7829EEC28ACD0B0004FFB6E /* soobinPrac0817UITests.swift in Sources */,
			);
			runOnlyForDeploymentPostprocessing = 0;
		};
/* End PBXSourcesBuildPhase section */

/* Begin PBXTargetDependency section */
		A7829EDF28ACD0B0004FFB6E /* PBXTargetDependency */ = {
			isa = PBXTargetDependency;
			target = A7829EC328ACD0AF004FFB6E /* soobinPrac0817 */;
			targetProxy = A7829EDE28ACD0B0004FFB6E /* PBXContainerItemProxy */;
		};
		A7829EE928ACD0B0004FFB6E /* PBXTargetDependency */ = {
			isa = PBXTargetDependency;
			target = A7829EC328ACD0AF004FFB6E /* soobinPrac0817 */;
			targetProxy = A7829EE828ACD0B0004FFB6E /* PBXContainerItemProxy */;
		};
/* End PBXTargetDependency section */

/* Begin PBXVariantGroup section */
		A7829ECD28ACD0AF004FFB6E /* Main.storyboard */ = {
			isa = PBXVariantGroup;
			children = (
				A7829ECE28ACD0AF004FFB6E /* Base */,
			);
			name = Main.storyboard;
			sourceTree = "<group>";
		};
		A7829ED528ACD0B0004FFB6E /* LaunchScreen.storyboard */ = {
			isa = PBXVariantGroup;
			children = (
				A7829ED628ACD0B0004FFB6E /* Base */,
			);
			name = LaunchScreen.storyboard;
			sourceTree = "<group>";
		};
/* End PBXVariantGroup section */

/* Begin XCBuildConfiguration section */
		A7829EEF28ACD0B0004FFB6E /* Debug */ = {
			isa = XCBuildConfiguration;
			buildSettings = {
				ALWAYS_SEARCH_USER_PATHS = NO;
				CLANG_ANALYZER_NONNULL = YES;
				CLANG_ANALYZER_NUMBER_OBJECT_CONVERSION = YES_AGGRESSIVE;
				CLANG_CXX_LANGUAGE_STANDARD = "gnu++17";
				CLANG_ENABLE_MODULES = YES;
				CLANG_ENABLE_OBJC_ARC = YES;
				CLANG_ENABLE_OBJC_WEAK = YES;
				CLANG_WARN_BLOCK_CAPTURE_AUTORELEASING = YES;
				CLANG_WARN_BOOL_CONVERSION = YES;
				CLANG_WARN_COMMA = YES;
				CLANG_WARN_CONSTANT_CONVERSION = YES;
				CLANG_WARN_DEPRECATED_OBJC_IMPLEMENTATIONS = YES;
				CLANG_WARN_DIRECT_OBJC_ISA_USAGE = YES_ERROR;
				CLANG_WARN_DOCUMENTATION_COMMENTS = YES;
				CLANG_WARN_EMPTY_BODY = YES;
				CLANG_WARN_ENUM_CONVERSION = YES;
				CLANG_WARN_INFINITE_RECURSION = YES;
				CLANG_WARN_INT_CONVERSION = YES;
				CLANG_WARN_NON_LITERAL_NULL_CONVERSION = YES;
				CLANG_WARN_OBJC_IMPLICIT_RETAIN_SELF = YES;
				CLANG_WARN_OBJC_LITERAL_CONVERSION = YES;
				CLANG_WARN_OBJC_ROOT_CLASS = YES_ERROR;
				CLANG_WARN_QUOTED_INCLUDE_IN_FRAMEWORK_HEADER = YES;
				CLANG_WARN_RANGE_LOOP_ANALYSIS = YES;
				CLANG_WARN_STRICT_PROTOTYPES = YES;
				CLANG_WARN_SUSPICIOUS_MOVE = YES;
				CLANG_WARN_UNGUARDED_AVAILABILITY = YES_AGGRESSIVE;
				CLANG_WARN_UNREACHABLE_CODE = YES;
				CLANG_WARN__DUPLICATE_METHOD_MATCH = YES;
				COPY_PHASE_STRIP = NO;
				DEBUG_INFORMATION_FORMAT = dwarf;
				ENABLE_STRICT_OBJC_MSGSEND = YES;
				ENABLE_TESTABILITY = YES;
				GCC_C_LANGUAGE_STANDARD = gnu11;
				GCC_DYNAMIC_NO_PIC = NO;
				GCC_NO_COMMON_BLOCKS = YES;
				GCC_OPTIMIZATION_LEVEL = 0;
				GCC_PREPROCESSOR_DEFINITIONS = (
					"DEBUG=1",
					"$(inherited)",
				);
				GCC_WARN_64_TO_32_BIT_CONVERSION = YES;
				GCC_WARN_ABOUT_RETURN_TYPE = YES_ERROR;
				GCC_WARN_UNDECLARED_SELECTOR = YES;
				GCC_WARN_UNINITIALIZED_AUTOS = YES_AGGRESSIVE;
				GCC_WARN_UNUSED_FUNCTION = YES;
				GCC_WARN_UNUSED_VARIABLE = YES;
				IPHONEOS_DEPLOYMENT_TARGET = 15.5;
				MTL_ENABLE_DEBUG_INFO = INCLUDE_SOURCE;
				MTL_FAST_MATH = YES;
				ONLY_ACTIVE_ARCH = YES;
				SDKROOT = iphoneos;
				SWIFT_ACTIVE_COMPILATION_CONDITIONS = DEBUG;
				SWIFT_OPTIMIZATION_LEVEL = "-Onone";
			};
			name = Debug;
		};
		A7829EF028ACD0B0004FFB6E /* Release */ = {
			isa = XCBuildConfiguration;
			buildSettings = {
				ALWAYS_SEARCH_USER_PATHS = NO;
				CLANG_ANALYZER_NONNULL = YES;
				CLANG_ANALYZER_NUMBER_OBJECT_CONVERSION = YES_AGGRESSIVE;
				CLANG_CXX_LANGUAGE_STANDARD = "gnu++17";
				CLANG_ENABLE_MODULES = YES;
				CLANG_ENABLE_OBJC_ARC = YES;
				CLANG_ENABLE_OBJC_WEAK = YES;
				CLANG_WARN_BLOCK_CAPTURE_AUTORELEASING = YES;
				CLANG_WARN_BOOL_CONVERSION = YES;
				CLANG_WARN_COMMA = YES;
				CLANG_WARN_CONSTANT_CONVERSION = YES;
				CLANG_WARN_DEPRECATED_OBJC_IMPLEMENTATIONS = YES;
				CLANG_WARN_DIRECT_OBJC_ISA_USAGE = YES_ERROR;
				CLANG_WARN_DOCUMENTATION_COMMENTS = YES;
				CLANG_WARN_EMPTY_BODY = YES;
				CLANG_WARN_ENUM_CONVERSION = YES;
				CLANG_WARN_INFINITE_RECURSION = YES;
				CLANG_WARN_INT_CONVERSION = YES;
				CLANG_WARN_NON_LITERAL_NULL_CONVERSION = YES;
				CLANG_WARN_OBJC_IMPLICIT_RETAIN_SELF = YES;
				CLANG_WARN_OBJC_LITERAL_CONVERSION = YES;
				CLANG_WARN_OBJC_ROOT_CLASS = YES_ERROR;
				CLANG_WARN_QUOTED_INCLUDE_IN_FRAMEWORK_HEADER = YES;
				CLANG_WARN_RANGE_LOOP_ANALYSIS = YES;
				CLANG_WARN_STRICT_PROTOTYPES = YES;
				CLANG_WARN_SUSPICIOUS_MOVE = YES;
				CLANG_WARN_UNGUARDED_AVAILABILITY = YES_AGGRESSIVE;
				CLANG_WARN_UNREACHABLE_CODE = YES;
				CLANG_WARN__DUPLICATE_METHOD_MATCH = YES;
				COPY_PHASE_STRIP = NO;
				DEBUG_INFORMATION_FORMAT = "dwarf-with-dsym";
				ENABLE_NS_ASSERTIONS = NO;
				ENABLE_STRICT_OBJC_MSGSEND = YES;
				GCC_C_LANGUAGE_STANDARD = gnu11;
				GCC_NO_COMMON_BLOCKS = YES;
				GCC_WARN_64_TO_32_BIT_CONVERSION = YES;
				GCC_WARN_ABOUT_RETURN_TYPE = YES_ERROR;
				GCC_WARN_UNDECLARED_SELECTOR = YES;
				GCC_WARN_UNINITIALIZED_AUTOS = YES_AGGRESSIVE;
				GCC_WARN_UNUSED_FUNCTION = YES;
				GCC_WARN_UNUSED_VARIABLE = YES;
				IPHONEOS_DEPLOYMENT_TARGET = 15.5;
				MTL_ENABLE_DEBUG_INFO = NO;
				MTL_FAST_MATH = YES;
				SDKROOT = iphoneos;
				SWIFT_COMPILATION_MODE = wholemodule;
				SWIFT_OPTIMIZATION_LEVEL = "-O";
				VALIDATE_PRODUCT = YES;
			};
			name = Release;
		};
		A7829EF228ACD0B0004FFB6E /* Debug */ = {
			isa = XCBuildConfiguration;
			buildSettings = {
				ASSETCATALOG_COMPILER_APPICON_NAME = AppIcon;
				ASSETCATALOG_COMPILER_GLOBAL_ACCENT_COLOR_NAME = AccentColor;
				CODE_SIGN_STYLE = Automatic;
				CURRENT_PROJECT_VERSION = 1;
				DEVELOPMENT_TEAM = 3SGW3UTR98;
				GENERATE_INFOPLIST_FILE = YES;
				INFOPLIST_FILE = soobinPrac0817/Info.plist;
				INFOPLIST_KEY_UIApplicationSupportsIndirectInputEvents = YES;
				INFOPLIST_KEY_UILaunchStoryboardName = LaunchScreen;
				INFOPLIST_KEY_UIMainStoryboardFile = Main;
				INFOPLIST_KEY_UISupportedInterfaceOrientations_iPad = "UIInterfaceOrientationPortrait UIInterfaceOrientationPortraitUpsideDown UIInterfaceOrientationLandscapeLeft UIInterfaceOrientationLandscapeRight";
				INFOPLIST_KEY_UISupportedInterfaceOrientations_iPhone = "UIInterfaceOrientationPortrait UIInterfaceOrientationLandscapeLeft UIInterfaceOrientationLandscapeRight";
				LD_RUNPATH_SEARCH_PATHS = (
					"$(inherited)",
					"@executable_path/Frameworks",
				);
				MARKETING_VERSION = 1.0;
				PRODUCT_BUNDLE_IDENTIFIER = com.soobin.soobinPrac0817;
				PRODUCT_NAME = "$(TARGET_NAME)";
				SWIFT_EMIT_LOC_STRINGS = YES;
				SWIFT_VERSION = 5.0;
				TARGETED_DEVICE_FAMILY = "1,2";
			};
			name = Debug;
		};
		A7829EF328ACD0B0004FFB6E /* Release */ = {
			isa = XCBuildConfiguration;
			buildSettings = {
				ASSETCATALOG_COMPILER_APPICON_NAME = AppIcon;
				ASSETCATALOG_COMPILER_GLOBAL_ACCENT_COLOR_NAME = AccentColor;
				CODE_SIGN_STYLE = Automatic;
				CURRENT_PROJECT_VERSION = 1;
				DEVELOPMENT_TEAM = 3SGW3UTR98;
				GENERATE_INFOPLIST_FILE = YES;
				INFOPLIST_FILE = soobinPrac0817/Info.plist;
				INFOPLIST_KEY_UIApplicationSupportsIndirectInputEvents = YES;
				INFOPLIST_KEY_UILaunchStoryboardName = LaunchScreen;
				INFOPLIST_KEY_UIMainStoryboardFile = Main;
				INFOPLIST_KEY_UISupportedInterfaceOrientations_iPad = "UIInterfaceOrientationPortrait UIInterfaceOrientationPortraitUpsideDown UIInterfaceOrientationLandscapeLeft UIInterfaceOrientationLandscapeRight";
				INFOPLIST_KEY_UISupportedInterfaceOrientations_iPhone = "UIInterfaceOrientationPortrait UIInterfaceOrientationLandscapeLeft UIInterfaceOrientationLandscapeRight";
				LD_RUNPATH_SEARCH_PATHS = (
					"$(inherited)",
					"@executable_path/Frameworks",
				);
				MARKETING_VERSION = 1.0;
				PRODUCT_BUNDLE_IDENTIFIER = com.soobin.soobinPrac0817;
				PRODUCT_NAME = "$(TARGET_NAME)";
				SWIFT_EMIT_LOC_STRINGS = YES;
				SWIFT_VERSION = 5.0;
				TARGETED_DEVICE_FAMILY = "1,2";
			};
			name = Release;
		};
		A7829EF528ACD0B0004FFB6E /* Debug */ = {
			isa = XCBuildConfiguration;
			buildSettings = {
				ALWAYS_EMBED_SWIFT_STANDARD_LIBRARIES = YES;
				BUNDLE_LOADER = "$(TEST_HOST)";
				CODE_SIGN_STYLE = Automatic;
				CURRENT_PROJECT_VERSION = 1;
				DEVELOPMENT_TEAM = 3SGW3UTR98;
				GENERATE_INFOPLIST_FILE = YES;
				IPHONEOS_DEPLOYMENT_TARGET = 15.5;
				MARKETING_VERSION = 1.0;
				PRODUCT_BUNDLE_IDENTIFIER = com.soobin.soobinPrac0817Tests;
				PRODUCT_NAME = "$(TARGET_NAME)";
				SWIFT_EMIT_LOC_STRINGS = NO;
				SWIFT_VERSION = 5.0;
				TARGETED_DEVICE_FAMILY = "1,2";
				TEST_HOST = "$(BUILT_PRODUCTS_DIR)/soobinPrac0817.app/soobinPrac0817";
			};
			name = Debug;
		};
		A7829EF628ACD0B0004FFB6E /* Release */ = {
			isa = XCBuildConfiguration;
			buildSettings = {
				ALWAYS_EMBED_SWIFT_STANDARD_LIBRARIES = YES;
				BUNDLE_LOADER = "$(TEST_HOST)";
				CODE_SIGN_STYLE = Automatic;
				CURRENT_PROJECT_VERSION = 1;
				DEVELOPMENT_TEAM = 3SGW3UTR98;
				GENERATE_INFOPLIST_FILE = YES;
				IPHONEOS_DEPLOYMENT_TARGET = 15.5;
				MARKETING_VERSION = 1.0;
				PRODUCT_BUNDLE_IDENTIFIER = com.soobin.soobinPrac0817Tests;
				PRODUCT_NAME = "$(TARGET_NAME)";
				SWIFT_EMIT_LOC_STRINGS = NO;
				SWIFT_VERSION = 5.0;
				TARGETED_DEVICE_FAMILY = "1,2";
				TEST_HOST = "$(BUILT_PRODUCTS_DIR)/soobinPrac0817.app/soobinPrac0817";
			};
			name = Release;
		};
		A7829EF828ACD0B0004FFB6E /* Debug */ = {
			isa = XCBuildConfiguration;
			buildSettings = {
				ALWAYS_EMBED_SWIFT_STANDARD_LIBRARIES = YES;
				CODE_SIGN_STYLE = Automatic;
				CURRENT_PROJECT_VERSION = 1;
				DEVELOPMENT_TEAM = 3SGW3UTR98;
				GENERATE_INFOPLIST_FILE = YES;
				MARKETING_VERSION = 1.0;
				PRODUCT_BUNDLE_IDENTIFIER = com.soobin.soobinPrac0817UITests;
				PRODUCT_NAME = "$(TARGET_NAME)";
				SWIFT_EMIT_LOC_STRINGS = NO;
				SWIFT_VERSION = 5.0;
				TARGETED_DEVICE_FAMILY = "1,2";
				TEST_TARGET_NAME = soobinPrac0817;
			};
			name = Debug;
		};
		A7829EF928ACD0B0004FFB6E /* Release */ = {
			isa = XCBuildConfiguration;
			buildSettings = {
				ALWAYS_EMBED_SWIFT_STANDARD_LIBRARIES = YES;
				CODE_SIGN_STYLE = Automatic;
				CURRENT_PROJECT_VERSION = 1;
				DEVELOPMENT_TEAM = 3SGW3UTR98;
				GENERATE_INFOPLIST_FILE = YES;
				MARKETING_VERSION = 1.0;
				PRODUCT_BUNDLE_IDENTIFIER = com.soobin.soobinPrac0817UITests;
				PRODUCT_NAME = "$(TARGET_NAME)";
				SWIFT_EMIT_LOC_STRINGS = NO;
				SWIFT_VERSION = 5.0;
				TARGETED_DEVICE_FAMILY = "1,2";
				TEST_TARGET_NAME = soobinPrac0817;
			};
			name = Release;
		};
/* End XCBuildConfiguration section */

/* Begin XCConfigurationList section */
		A7829EBF28ACD0AF004FFB6E /* Build configuration list for PBXProject "soobinPrac0817" */ = {
			isa = XCConfigurationList;
			buildConfigurations = (
				A7829EEF28ACD0B0004FFB6E /* Debug */,
				A7829EF028ACD0B0004FFB6E /* Release */,
			);
			defaultConfigurationIsVisible = 0;
			defaultConfigurationName = Release;
		};
		A7829EF128ACD0B0004FFB6E /* Build configuration list for PBXNativeTarget "soobinPrac0817" */ = {
			isa = XCConfigurationList;
			buildConfigurations = (
				A7829EF228ACD0B0004FFB6E /* Debug */,
				A7829EF328ACD0B0004FFB6E /* Release */,
			);
			defaultConfigurationIsVisible = 0;
			defaultConfigurationName = Release;
		};
		A7829EF428ACD0B0004FFB6E /* Build configuration list for PBXNativeTarget "soobinPrac0817Tests" */ = {
			isa = XCConfigurationList;
			buildConfigurations = (
				A7829EF528ACD0B0004FFB6E /* Debug */,
				A7829EF628ACD0B0004FFB6E /* Release */,
			);
			defaultConfigurationIsVisible = 0;
			defaultConfigurationName = Release;
		};
		A7829EF728ACD0B0004FFB6E /* Build configuration list for PBXNativeTarget "soobinPrac0817UITests" */ = {
			isa = XCConfigurationList;
			buildConfigurations = (
				A7829EF828ACD0B0004FFB6E /* Debug */,
				A7829EF928ACD0B0004FFB6E /* Release */,
			);
			defaultConfigurationIsVisible = 0;
			defaultConfigurationName = Release;
		};
/* End XCConfigurationList section */

/* Begin XCVersionGroup section */
		A7829ED028ACD0AF004FFB6E /* soobinPrac0817.xcdatamodeld */ = {
			isa = XCVersionGroup;
			children = (
				A7829ED128ACD0AF004FFB6E /* soobinPrac0817.xcdatamodel */,
			);
			currentVersion = A7829ED128ACD0AF004FFB6E /* soobinPrac0817.xcdatamodel */;
			path = soobinPrac0817.xcdatamodeld;
			sourceTree = "<group>";
			versionGroupType = wrapper.xcdatamodel;
		};
/* End XCVersionGroup section */
	};
	rootObject = A7829EBC28ACD0AF004FFB6E /* Project object */;
}
